
Microsoft Visual Studio Solution File, Format Version 12.00
# Visual Studio Version 16
VisualStudioVersion = 16.0.30717.126
MinimumVisualStudioVersion = 10.0.40219.1
Project("{9A19103F-16F7-4668-BE54-9A1E7A4F7556}") = "Pokemon.Cli", "Pokemon.Cli\Pokemon.Cli.csproj", "{17A4C0CB-17EC-40E9-A30B-3FB84A829932}"
EndProject
Project("{9A19103F-16F7-4668-BE54-9A1E7A4F7556}") = "Pokemon.Core", "Pokemon.Core\Pokemon.Core.csproj", "{59CD3109-8804-4B4D-9942-3E4DAC7694DE}"
EndProject
Project("{FAE04EC0-301F-11D3-BF4B-00C04F79EFBC}") = "Pokemon.Debug", "Pokemon.Debug\Pokemon.Debug.csproj", "{69E84E7D-33A3-42A3-BC2D-32D0D4773371}"
EndProject
Project("{FAE04EC0-301F-11D3-BF4B-00C04F79EFBC}") = "Pokemon.Gamedata", "Pokemon.Gamedata\Pokemon.Gamedata.csproj", "{028FCE00-4D4D-489F-9460-BAB587DD3AB3}"
EndProject
Project("{FAE04EC0-301F-11D3-BF4B-00C04F79EFBC}") = "Pokemon.State", "Pokemon.State\Pokemon.State.csproj", "{A0BAF547-BAE5-4FD5-A378-1FDB60EC0A76}"
EndProject
Project("{FAE04EC0-301F-11D3-BF4B-00C04F79EFBC}") = "Pokemon.Battle.Core", "Pokemon.Battle.Core\Pokemon.Battle.Core.csproj", "{713D6B43-A8B5-464A-ACF5-0A6536411D1A}"
EndProject
Project("{FAE04EC0-301F-11D3-BF4B-00C04F79EFBC}") = "Pokemon.Battle.State", "Pokemon.Battle.State\Pokemon.Battle.State.csproj", "{EBAC2532-0A7E-48A9-9AE1-76FF803523CE}"
EndProject
Global
	GlobalSection(SolutionConfigurationPlatforms) = preSolution
		Debug|Any CPU = Debug|Any CPU
		Release|Any CPU = Release|Any CPU
	EndGlobalSection
	GlobalSection(ProjectConfigurationPlatforms) = postSolution
		{17A4C0CB-17EC-40E9-A30B-3FB84A829932}.Debug|Any CPU.ActiveCfg = Debug|Any CPU
		{17A4C0CB-17EC-40E9-A30B-3FB84A829932}.Debug|Any CPU.Build.0 = Debug|Any CPU
		{17A4C0CB-17EC-40E9-A30B-3FB84A829932}.Release|Any CPU.ActiveCfg = Release|Any CPU
		{17A4C0CB-17EC-40E9-A30B-3FB84A829932}.Release|Any CPU.Build.0 = Release|Any CPU
		{59CD3109-8804-4B4D-9942-3E4DAC7694DE}.Debug|Any CPU.ActiveCfg = Debug|Any CPU
		{59CD3109-8804-4B4D-9942-3E4DAC7694DE}.Debug|Any CPU.Build.0 = Debug|Any CPU
		{59CD3109-8804-4B4D-9942-3E4DAC7694DE}.Release|Any CPU.ActiveCfg = Release|Any CPU
		{59CD3109-8804-4B4D-9942-3E4DAC7694DE}.Release|Any CPU.Build.0 = Release|Any CPU
		{69E84E7D-33A3-42A3-BC2D-32D0D4773371}.Debug|Any CPU.ActiveCfg = Debug|Any CPU
		{69E84E7D-33A3-42A3-BC2D-32D0D4773371}.Debug|Any CPU.Build.0 = Debug|Any CPU
		{69E84E7D-33A3-42A3-BC2D-32D0D4773371}.Release|Any CPU.ActiveCfg = Release|Any CPU
		{69E84E7D-33A3-42A3-BC2D-32D0D4773371}.Release|Any CPU.Build.0 = Release|Any CPU
		{028FCE00-4D4D-489F-9460-BAB587DD3AB3}.Debug|Any CPU.ActiveCfg = Debug|Any CPU
		{028FCE00-4D4D-489F-9460-BAB587DD3AB3}.Debug|Any CPU.Build.0 = Debug|Any CPU
		{028FCE00-4D4D-489F-9460-BAB587DD3AB3}.Release|Any CPU.ActiveCfg = Release|Any CPU
		{028FCE00-4D4D-489F-9460-BAB587DD3AB3}.Release|Any CPU.Build.0 = Release|Any CPU
		{A0BAF547-BAE5-4FD5-A378-1FDB60EC0A76}.Debug|Any CPU.ActiveCfg = Debug|Any CPU
		{A0BAF547-BAE5-4FD5-A378-1FDB60EC0A76}.Debug|Any CPU.Build.0 = Debug|Any CPU
		{A0BAF547-BAE5-4FD5-A378-1FDB60EC0A76}.Release|Any CPU.ActiveCfg = Release|Any CPU
		{A0BAF547-BAE5-4FD5-A378-1FDB60EC0A76}.Release|Any CPU.Build.0 = Release|Any CPU
		{713D6B43-A8B5-464A-ACF5-0A6536411D1A}.Debug|Any CPU.ActiveCfg = Debug|Any CPU
		{713D6B43-A8B5-464A-ACF5-0A6536411D1A}.Debug|Any CPU.Build.0 = Debug|Any CPU
		{713D6B43-A8B5-464A-ACF5-0A6536411D1A}.Release|Any CPU.ActiveCfg = Release|Any CPU
		{713D6B43-A8B5-464A-ACF5-0A6536411D1A}.Release|Any CPU.Build.0 = Release|Any CPU
		{EBAC2532-0A7E-48A9-9AE1-76FF803523CE}.Debug|Any CPU.ActiveCfg = Debug|Any CPU
		{EBAC2532-0A7E-48A9-9AE1-76FF803523CE}.Debug|Any CPU.Build.0 = Debug|Any CPU
		{EBAC2532-0A7E-48A9-9AE1-76FF803523CE}.Release|Any CPU.ActiveCfg = Release|Any CPU
		{EBAC2532-0A7E-48A9-9AE1-76FF803523CE}.Release|Any CPU.Build.0 = Release|Any CPU
	EndGlobalSection
	GlobalSection(SolutionProperties) = preSolution
		HideSolutionNode = FALSE
	EndGlobalSection
	GlobalSection(ExtensibilityGlobals) = postSolution
		SolutionGuid = {56150BE5-DE85-4754-9C51-44D764300DBA}
	EndGlobalSection
EndGlobal
